
Microsoft Visual Studio Solution File, Format Version 12.00
Project("{FAE04EC0-301F-11D3-BF4B-00C04F79EFBC}") = "DHLIntegration", "DHLIntegration\DHLIntegration.csproj", "{2A70F1A5-F086-47E5-9F07-33DE8D9A11CA}"
EndProject
Global
	GlobalSection(SolutionConfigurationPlatforms) = preSolution
		Debug|Any CPU = Debug|Any CPU
		Release|Any CPU = Release|Any CPU
	EndGlobalSection
	GlobalSection(ProjectConfigurationPlatforms) = postSolution
		{2A70F1A5-F086-47E5-9F07-33DE8D9A11CA}.Debug|Any CPU.ActiveCfg = Debug|Any CPU
		{2A70F1A5-F086-47E5-9F07-33DE8D9A11CA}.Debug|Any CPU.Build.0 = Debug|Any CPU
		{2A70F1A5-F086-47E5-9F07-33DE8D9A11CA}.Release|Any CPU.ActiveCfg = Release|Any CPU
		{2A70F1A5-F086-47E5-9F07-33DE8D9A11CA}.Release|Any CPU.Build.0 = Release|Any CPU
	EndGlobalSection
EndGlobal
